Microsoft Visual Studio Solution File, Format Version 12.00
# Visual Studio Version 17
VisualStudioVersion = 17.5.2.0
MinimumVisualStudioVersion = 10.0.40219.1
Project("{9A19103F-16F7-4668-BE54-9A1E7A4F7556}") = "FoodGuideAdmin", "FoodGuideAdmin.csproj", "{0656EFF8-CC42-15B0-7072-4692B83E1BCC}"
EndProject
Project("{9A19103F-16F7-4668-BE54-9A1E7A4F7556}") = "FoodGuideAPI", "..\FoodguideAPI\FoodGuideAPI.csproj", "{F25BFAC5-C07B-4440-858C-BF2EE0B8370D}"
EndProject
Project("{9A19103F-16F7-4668-BE54-9A1E7A4F7556}") = "DoAnVinhKhanh", "..\..\DoAnVinhKhanh\DoAnVinhKhanh\DoAnVinhKhanh.csproj", "{2A1F5809-F0A4-4863-A39F-1925ECDA99D3}"
EndProject
Global
	GlobalSection(SolutionConfigurationPlatforms) = preSolution
		Debug|Any CPU = Debug|Any CPU
		Release|Any CPU = Release|Any CPU
	EndGlobalSection
	GlobalSection(ProjectConfigurationPlatforms) = postSolution
		{0656EFF8-CC42-15B0-7072-4692B83E1BCC}.Debug|Any CPU.ActiveCfg = Debug|Any CPU
		{0656EFF8-CC42-15B0-7072-4692B83E1BCC}.Debug|Any CPU.Build.0 = Debug|Any CPU
		{0656EFF8-CC42-15B0-7072-4692B83E1BCC}.Release|Any CPU.ActiveCfg = Release|Any CPU
		{0656EFF8-CC42-15B0-7072-4692B83E1BCC}.Release|Any CPU.Build.0 = Release|Any CPU
		{F25BFAC5-C07B-4440-858C-BF2EE0B8370D}.Debug|Any CPU.ActiveCfg = Debug|Any CPU
		{F25BFAC5-C07B-4440-858C-BF2EE0B8370D}.Debug|Any CPU.Build.0 = Debug|Any CPU
		{F25BFAC5-C07B-4440-858C-BF2EE0B8370D}.Release|Any CPU.ActiveCfg = Release|Any CPU
		{F25BFAC5-C07B-4440-858C-BF2EE0B8370D}.Release|Any CPU.Build.0 = Release|Any CPU
		{2A1F5809-F0A4-4863-A39F-1925ECDA99D3}.Debug|Any CPU.ActiveCfg = Debug|Any CPU
		{2A1F5809-F0A4-4863-A39F-1925ECDA99D3}.Debug|Any CPU.Build.0 = Debug|Any CPU
		{2A1F5809-F0A4-4863-A39F-1925ECDA99D3}.Debug|Any CPU.Deploy.0 = Debug|Any CPU
		{2A1F5809-F0A4-4863-A39F-1925ECDA99D3}.Release|Any CPU.ActiveCfg = Release|Any CPU
		{2A1F5809-F0A4-4863-A39F-1925ECDA99D3}.Release|Any CPU.Build.0 = Release|Any CPU
		{2A1F5809-F0A4-4863-A39F-1925ECDA99D3}.Release|Any CPU.Deploy.0 = Release|Any CPU
	EndGlobalSection
	GlobalSection(SolutionProperties) = preSolution
		HideSolutionNode = FALSE
	EndGlobalSection
	GlobalSection(ExtensibilityGlobals) = postSolution
		SolutionGuid = {7B239CF2-C46B-440F-9486-989785A7AFEF}
	EndGlobalSection
EndGlobal
